
Microsoft Visual Studio Solution File, Format Version 12.00
# Visual Studio Version 17
VisualStudioVersion = 17.7.34202.233
MinimumVisualStudioVersion = 10.0.40219.1
Project("{FAE04EC0-301F-11D3-BF4B-00C04F79EFBC}") = "LCC", "LCC.csproj", "{2DD2A612-F2C7-4171-9AE9-23144F004BA7}"
EndProject
Global
	GlobalSection(SolutionConfigurationPlatforms) = preSolution
		Debug|Any CPU = Debug|Any CPU
		Release|Any CPU = Release|Any CPU
	EndGlobalSection
	GlobalSection(ProjectConfigurationPlatforms) = postSolution
		{2DD2A612-F2C7-4171-9AE9-23144F004BA7}.Debug|Any CPU.ActiveCfg = Debug|Any CPU
		{2DD2A612-F2C7-4171-9AE9-23144F004BA7}.Debug|Any CPU.Build.0 = Debug|Any CPU
		{2DD2A612-F2C7-4171-9AE9-23144F004BA7}.Release|Any CPU.ActiveCfg = Release|Any CPU
		{2DD2A612-F2C7-4171-9AE9-23144F004BA7}.Release|Any CPU.Build.0 = Release|Any CPU
	EndGlobalSection
	GlobalSection(SolutionProperties) = preSolution
		HideSolutionNode = FALSE
	EndGlobalSection
	GlobalSection(ExtensibilityGlobals) = postSolution
		SolutionGuid = {87F9DFC2-F3A4-4F6A-A0AB-9B23286EB54B}
	EndGlobalSection
EndGlobal
